
Microsoft Visual Studio Solution File, Format Version 12.00
# Visual Studio Version 17
VisualStudioVersion = 17.9.34616.47
MinimumVisualStudioVersion = 10.0.40219.1
Project("{FAE04EC0-301F-11D3-BF4B-00C04F79EFBC}") = "ProjetoGurudev", "ProjetoGurudev\ProjetoGurudev.csproj", "{BF8033C3-5716-4F13-B82E-A7E8D1B9AC01}"
EndProject
Global
	GlobalSection(SolutionConfigurationPlatforms) = preSolution
		Debug|Any CPU = Debug|Any CPU
		Release|Any CPU = Release|Any CPU
	EndGlobalSection
	GlobalSection(ProjectConfigurationPlatforms) = postSolution
		{BF8033C3-5716-4F13-B82E-A7E8D1B9AC01}.Debug|Any CPU.ActiveCfg = Debug|Any CPU
		{BF8033C3-5716-4F13-B82E-A7E8D1B9AC01}.Debug|Any CPU.Build.0 = Debug|Any CPU
		{BF8033C3-5716-4F13-B82E-A7E8D1B9AC01}.Release|Any CPU.ActiveCfg = Release|Any CPU
		{BF8033C3-5716-4F13-B82E-A7E8D1B9AC01}.Release|Any CPU.Build.0 = Release|Any CPU
	EndGlobalSection
	GlobalSection(SolutionProperties) = preSolution
		HideSolutionNode = FALSE
	EndGlobalSection
	GlobalSection(ExtensibilityGlobals) = postSolution
		SolutionGuid = {986A3DA1-4B08-4694-9301-8F267C3290D9}
	EndGlobalSection
EndGlobal
