
Microsoft Visual Studio Solution File, Format Version 12.00
# Visual Studio Version 17
VisualStudioVersion = 17.9.34616.47
MinimumVisualStudioVersion = 10.0.40219.1
Project("{9A19103F-16F7-4668-BE54-9A1E7A4F7556}") = "Atividade_POO_28_02_2024", "AtividadeOOP-28-02-24\Atividade_POO_28_02_2024.csproj", "{55DC67BF-28FC-4CDC-B931-7E547DEF7DC4}"
EndProject
Global
	GlobalSection(SolutionConfigurationPlatforms) = preSolution
		Debug|Any CPU = Debug|Any CPU
		Release|Any CPU = Release|Any CPU
	EndGlobalSection
	GlobalSection(ProjectConfigurationPlatforms) = postSolution
		{55DC67BF-28FC-4CDC-B931-7E547DEF7DC4}.Debug|Any CPU.ActiveCfg = Debug|Any CPU
		{55DC67BF-28FC-4CDC-B931-7E547DEF7DC4}.Debug|Any CPU.Build.0 = Debug|Any CPU
		{55DC67BF-28FC-4CDC-B931-7E547DEF7DC4}.Release|Any CPU.ActiveCfg = Release|Any CPU
		{55DC67BF-28FC-4CDC-B931-7E547DEF7DC4}.Release|Any CPU.Build.0 = Release|Any CPU
	EndGlobalSection
	GlobalSection(SolutionProperties) = preSolution
		HideSolutionNode = FALSE
	EndGlobalSection
	GlobalSection(ExtensibilityGlobals) = postSolution
		SolutionGuid = {EE2972E7-BD5B-468D-8C0A-11E0D4E5EA89}
	EndGlobalSection
EndGlobal
