
Microsoft Visual Studio Solution File, Format Version 12.00
# Visual Studio Version 17
VisualStudioVersion = 17.9.34616.47
MinimumVisualStudioVersion = 10.0.40219.1
Project("{FAE04EC0-301F-11D3-BF4B-00C04F79EFBC}") = "POO_31_07_2024", "POO_31_07_2024\POO_31_07_2024.csproj", "{8CE4333F-9E2C-450B-9174-54CA2BB10F4E}"
EndProject
Global
	GlobalSection(SolutionConfigurationPlatforms) = preSolution
		Debug|Any CPU = Debug|Any CPU
		Release|Any CPU = Release|Any CPU
	EndGlobalSection
	GlobalSection(ProjectConfigurationPlatforms) = postSolution
		{8CE4333F-9E2C-450B-9174-54CA2BB10F4E}.Debug|Any CPU.ActiveCfg = Debug|Any CPU
		{8CE4333F-9E2C-450B-9174-54CA2BB10F4E}.Debug|Any CPU.Build.0 = Debug|Any CPU
		{8CE4333F-9E2C-450B-9174-54CA2BB10F4E}.Release|Any CPU.ActiveCfg = Release|Any CPU
		{8CE4333F-9E2C-450B-9174-54CA2BB10F4E}.Release|Any CPU.Build.0 = Release|Any CPU
	EndGlobalSection
	GlobalSection(SolutionProperties) = preSolution
		HideSolutionNode = FALSE
	EndGlobalSection
	GlobalSection(ExtensibilityGlobals) = postSolution
		SolutionGuid = {2B278693-E444-414B-8541-2DEBEC2E93EC}
	EndGlobalSection
EndGlobal
